
Microsoft Visual Studio Solution File, Format Version 12.00
# Visual Studio Version 17
VisualStudioVersion = 17.11.35303.130
MinimumVisualStudioVersion = 10.0.40219.1
Project("{FAE04EC0-301F-11D3-BF4B-00C04F79EFBC}") = "SortedDictionary1", "SortedDictionary1\SortedDictionary1.csproj", "{8B6BF41C-F6E8-4C23-BC1A-B1D79DD68ED6}"
EndProject
Global
	GlobalSection(SolutionConfigurationPlatforms) = preSolution
		Debug|Any CPU = Debug|Any CPU
		Release|Any CPU = Release|Any CPU
	EndGlobalSection
	GlobalSection(ProjectConfigurationPlatforms) = postSolution
		{8B6BF41C-F6E8-4C23-BC1A-B1D79DD68ED6}.Debug|Any CPU.ActiveCfg = Debug|Any CPU
		{8B6BF41C-F6E8-4C23-BC1A-B1D79DD68ED6}.Debug|Any CPU.Build.0 = Debug|Any CPU
		{8B6BF41C-F6E8-4C23-BC1A-B1D79DD68ED6}.Release|Any CPU.ActiveCfg = Release|Any CPU
		{8B6BF41C-F6E8-4C23-BC1A-B1D79DD68ED6}.Release|Any CPU.Build.0 = Release|Any CPU
	EndGlobalSection
	GlobalSection(SolutionProperties) = preSolution
		HideSolutionNode = FALSE
	EndGlobalSection
	GlobalSection(ExtensibilityGlobals) = postSolution
		SolutionGuid = {5EC3B9C2-2B80-46E0-B10F-0B3AD2BF03D7}
	EndGlobalSection
EndGlobal
