
Microsoft Visual Studio Solution File, Format Version 12.00
# Visual Studio Version 17
VisualStudioVersion = 17.11.35303.130
MinimumVisualStudioVersion = 10.0.40219.1
Project("{FAE04EC0-301F-11D3-BF4B-00C04F79EFBC}") = "HashTable1", "HashTable1\HashTable1.csproj", "{CA959A31-6444-4DBC-AE8A-240F0C2317E4}"
EndProject
Global
	GlobalSection(SolutionConfigurationPlatforms) = preSolution
		Debug|Any CPU = Debug|Any CPU
		Release|Any CPU = Release|Any CPU
	EndGlobalSection
	GlobalSection(ProjectConfigurationPlatforms) = postSolution
		{CA959A31-6444-4DBC-AE8A-240F0C2317E4}.Debug|Any CPU.ActiveCfg = Debug|Any CPU
		{CA959A31-6444-4DBC-AE8A-240F0C2317E4}.Debug|Any CPU.Build.0 = Debug|Any CPU
		{CA959A31-6444-4DBC-AE8A-240F0C2317E4}.Release|Any CPU.ActiveCfg = Release|Any CPU
		{CA959A31-6444-4DBC-AE8A-240F0C2317E4}.Release|Any CPU.Build.0 = Release|Any CPU
	EndGlobalSection
	GlobalSection(SolutionProperties) = preSolution
		HideSolutionNode = FALSE
	EndGlobalSection
	GlobalSection(ExtensibilityGlobals) = postSolution
		SolutionGuid = {C6B49BF1-0BDA-49D5-A2DF-601A5D590D07}
	EndGlobalSection
EndGlobal
